
Microsoft Visual Studio Solution File, Format Version 12.00
# Visual Studio Version 17
VisualStudioVersion = 17.11.35219.272
MinimumVisualStudioVersion = 10.0.40219.1
Project("{FAE04EC0-301F-11D3-BF4B-00C04F79EFBC}") = "Week4-2", "Week4-2\Week4-2.csproj", "{CC18985D-B056-4E1F-B943-EAAF235FD425}"
EndProject
Global
	GlobalSection(SolutionConfigurationPlatforms) = preSolution
		Debug|Any CPU = Debug|Any CPU
		Release|Any CPU = Release|Any CPU
	EndGlobalSection
	GlobalSection(ProjectConfigurationPlatforms) = postSolution
		{CC18985D-B056-4E1F-B943-EAAF235FD425}.Debug|Any CPU.ActiveCfg = Debug|Any CPU
		{CC18985D-B056-4E1F-B943-EAAF235FD425}.Debug|Any CPU.Build.0 = Debug|Any CPU
		{CC18985D-B056-4E1F-B943-EAAF235FD425}.Release|Any CPU.ActiveCfg = Release|Any CPU
		{CC18985D-B056-4E1F-B943-EAAF235FD425}.Release|Any CPU.Build.0 = Release|Any CPU
	EndGlobalSection
	GlobalSection(SolutionProperties) = preSolution
		HideSolutionNode = FALSE
	EndGlobalSection
	GlobalSection(ExtensibilityGlobals) = postSolution
		SolutionGuid = {DEE00E39-A9C3-4F9F-87DD-E86C8BC4C061}
	EndGlobalSection
EndGlobal
